
Microsoft Visual Studio Solution File, Format Version 12.00
# Visual Studio Version 17
VisualStudioVersion = 17.6.33712.159
MinimumVisualStudioVersion = 10.0.40219.1
Project("{FAE04EC0-301F-11D3-BF4B-00C04F79EFBC}") = "Buoi5", "Buoi5\Buoi5.csproj", "{06D4D965-D64B-45D2-816D-5ADC9AEBCC4C}"
EndProject
Global
	GlobalSection(SolutionConfigurationPlatforms) = preSolution
		Debug|Any CPU = Debug|Any CPU
		Release|Any CPU = Release|Any CPU
	EndGlobalSection
	GlobalSection(ProjectConfigurationPlatforms) = postSolution
		{06D4D965-D64B-45D2-816D-5ADC9AEBCC4C}.Debug|Any CPU.ActiveCfg = Debug|Any CPU
		{06D4D965-D64B-45D2-816D-5ADC9AEBCC4C}.Debug|Any CPU.Build.0 = Debug|Any CPU
		{06D4D965-D64B-45D2-816D-5ADC9AEBCC4C}.Release|Any CPU.ActiveCfg = Release|Any CPU
		{06D4D965-D64B-45D2-816D-5ADC9AEBCC4C}.Release|Any CPU.Build.0 = Release|Any CPU
	EndGlobalSection
	GlobalSection(SolutionProperties) = preSolution
		HideSolutionNode = FALSE
	EndGlobalSection
	GlobalSection(ExtensibilityGlobals) = postSolution
		SolutionGuid = {B1ADC836-906A-4FA9-BC02-9568964D9A75}
	EndGlobalSection
EndGlobal
